{
  "name": "scripts",
  "lockfileVersion": 3,
  "requires": true,
  "packages": {
    "": {
      "name": "scripts",
      "hasInstallScript": true,
      "license": "MIT",
      "dependencies": {
        "ganache": "file:./_ganache/packages/ganache"
      }
    },
    "_ganache/packages/ganache": {},
    "node_modules/ganache": {
      "resolved": "_ganache/packages/ganache",
      "link": true
    }
  }
}
